<Solution>
  <Folder Name="/src/">
    <Project Path="src/PriceRadar.Api/PriceRadar.Api.csproj" />
    <Project Path="src/PriceRadar.Application/PriceRadar.Application.csproj" />
    <Project Path="src/PriceRadar.Domain/PriceRadar.Domain.csproj" />
    <Project Path="src/PriceRadar.Infrastructure/PriceRadar.Infrastructure.csproj" />
  </Folder>
</Solution>
